
Microsoft Visual Studio Solution File, Format Version 12.00
# Visual Studio Version 17
VisualStudioVersion = 17.8.34330.188
MinimumVisualStudioVersion = 10.0.40219.1
Project("{9A19103F-16F7-4668-BE54-9A1E7A4F7556}") = "DatabaseWebInterface", "DatabaseWebInterface\DatabaseWebInterface.csproj", "{40FA1E58-A5E7-479A-A830-6A0388BDFFDD}"
EndProject
Global
	GlobalSection(SolutionConfigurationPlatforms) = preSolution
		Debug|Any CPU = Debug|Any CPU
		Release|Any CPU = Release|Any CPU
	EndGlobalSection
	GlobalSection(ProjectConfigurationPlatforms) = postSolution
		{40FA1E58-A5E7-479A-A830-6A0388BDFFDD}.Debug|Any CPU.ActiveCfg = Debug|Any CPU
		{40FA1E58-A5E7-479A-A830-6A0388BDFFDD}.Debug|Any CPU.Build.0 = Debug|Any CPU
		{40FA1E58-A5E7-479A-A830-6A0388BDFFDD}.Release|Any CPU.ActiveCfg = Release|Any CPU
		{40FA1E58-A5E7-479A-A830-6A0388BDFFDD}.Release|Any CPU.Build.0 = Release|Any CPU
	EndGlobalSection
	GlobalSection(SolutionProperties) = preSolution
		HideSolutionNode = FALSE
	EndGlobalSection
	GlobalSection(ExtensibilityGlobals) = postSolution
		SolutionGuid = {1196938F-D868-451B-95F5-E2DBBC13C039}
	EndGlobalSection
EndGlobal
